
Microsoft Visual Studio Solution File, Format Version 12.00
# Visual Studio Version 16
VisualStudioVersion = 16.0.31112.23
MinimumVisualStudioVersion = 10.0.40219.1
Project("{FAE04EC0-301F-11D3-BF4B-00C04F79EFBC}") = "FileSharingSystem", "FileSharingSystem\FileSharingSystem.csproj", "{D3AD6E78-453C-4138-ADCE-5A40052A5903}"
EndProject
Global
	GlobalSection(SolutionConfigurationPlatforms) = preSolution
		Debug|Any CPU = Debug|Any CPU
		Release|Any CPU = Release|Any CPU
	EndGlobalSection
	GlobalSection(ProjectConfigurationPlatforms) = postSolution
		{D3AD6E78-453C-4138-ADCE-5A40052A5903}.Debug|Any CPU.ActiveCfg = Debug|Any CPU
		{D3AD6E78-453C-4138-ADCE-5A40052A5903}.Debug|Any CPU.Build.0 = Debug|Any CPU
		{D3AD6E78-453C-4138-ADCE-5A40052A5903}.Release|Any CPU.ActiveCfg = Release|Any CPU
		{D3AD6E78-453C-4138-ADCE-5A40052A5903}.Release|Any CPU.Build.0 = Release|Any CPU
	EndGlobalSection
	GlobalSection(SolutionProperties) = preSolution
		HideSolutionNode = FALSE
	EndGlobalSection
	GlobalSection(ExtensibilityGlobals) = postSolution
		SolutionGuid = {6ECFD099-6F89-40B3-A536-3E24901332D4}
	EndGlobalSection
EndGlobal
